
Microsoft Visual Studio Solution File, Format Version 12.00
# Visual Studio 15
Project("{FAE04EC0-301F-11D3-BF4B-00C04F79EFBC}") = "NavMeshComponents", "NavMeshComponents.csproj", "{13FE85BB-78F4-4B05-856D-424FDF3B3410}"
EndProject
Project("{FAE04EC0-301F-11D3-BF4B-00C04F79EFBC}") = "Assembly-CSharp", "Assembly-CSharp.csproj", "{5C5A758D-9CAE-C586-67A2-AFA743B37560}"
EndProject
Project("{FAE04EC0-301F-11D3-BF4B-00C04F79EFBC}") = "NavMeshComponentsEditor", "NavMeshComponentsEditor.csproj", "{ECA1F65C-A202-B0DE-F70C-EFC34BAA49E4}"
EndProject
Global
	GlobalSection(SolutionConfigurationPlatforms) = preSolution
		Debug|Any CPU = Debug|Any CPU
		Release|Any CPU = Release|Any CPU
	EndGlobalSection
	GlobalSection(ProjectConfigurationPlatforms) = postSolution
		{13FE85BB-78F4-4B05-856D-424FDF3B3410}.Debug|Any CPU.ActiveCfg = Debug|Any CPU
		{13FE85BB-78F4-4B05-856D-424FDF3B3410}.Debug|Any CPU.Build.0 = Debug|Any CPU
		{13FE85BB-78F4-4B05-856D-424FDF3B3410}.Release|Any CPU.ActiveCfg = Release|Any CPU
		{13FE85BB-78F4-4B05-856D-424FDF3B3410}.Release|Any CPU.Build.0 = Release|Any CPU
		{5C5A758D-9CAE-C586-67A2-AFA743B37560}.Debug|Any CPU.ActiveCfg = Debug|Any CPU
		{5C5A758D-9CAE-C586-67A2-AFA743B37560}.Debug|Any CPU.Build.0 = Debug|Any CPU
		{5C5A758D-9CAE-C586-67A2-AFA743B37560}.Release|Any CPU.ActiveCfg = Release|Any CPU
		{5C5A758D-9CAE-C586-67A2-AFA743B37560}.Release|Any CPU.Build.0 = Release|Any CPU
		{ECA1F65C-A202-B0DE-F70C-EFC34BAA49E4}.Debug|Any CPU.ActiveCfg = Debug|Any CPU
		{ECA1F65C-A202-B0DE-F70C-EFC34BAA49E4}.Debug|Any CPU.Build.0 = Debug|Any CPU
		{ECA1F65C-A202-B0DE-F70C-EFC34BAA49E4}.Release|Any CPU.ActiveCfg = Release|Any CPU
		{ECA1F65C-A202-B0DE-F70C-EFC34BAA49E4}.Release|Any CPU.Build.0 = Release|Any CPU
	EndGlobalSection
	GlobalSection(SolutionProperties) = preSolution
		HideSolutionNode = FALSE
	EndGlobalSection
EndGlobal
